
Microsoft Visual Studio Solution File, Format Version 12.00
# Visual Studio Version 17
VisualStudioVersion = 17.3.32804.467
MinimumVisualStudioVersion = 10.0.40219.1
Project("{9A19103F-16F7-4668-BE54-9A1E7A4F7556}") = "TimeTrackerNet", "TimeTrackerNet\TimeTrackerNet.csproj", "{FAC1182C-E797-41A1-826A-8D2F1AF10673}"
	ProjectSection(ProjectDependencies) = postProject
		{5A193B41-2A18-4154-B835-3D22117A9D38} = {5A193B41-2A18-4154-B835-3D22117A9D38}
	EndProjectSection
EndProject
Project("{9A19103F-16F7-4668-BE54-9A1E7A4F7556}") = "CodeFirstTrials", "..\CodeFirstTrials\CodeFirstTrials\CodeFirstTrials.csproj", "{5A193B41-2A18-4154-B835-3D22117A9D38}"
EndProject
Global
	GlobalSection(SolutionConfigurationPlatforms) = preSolution
		Debug|Any CPU = Debug|Any CPU
		Release|Any CPU = Release|Any CPU
	EndGlobalSection
	GlobalSection(ProjectConfigurationPlatforms) = postSolution
		{FAC1182C-E797-41A1-826A-8D2F1AF10673}.Debug|Any CPU.ActiveCfg = Debug|Any CPU
		{FAC1182C-E797-41A1-826A-8D2F1AF10673}.Debug|Any CPU.Build.0 = Debug|Any CPU
		{FAC1182C-E797-41A1-826A-8D2F1AF10673}.Release|Any CPU.ActiveCfg = Release|Any CPU
		{FAC1182C-E797-41A1-826A-8D2F1AF10673}.Release|Any CPU.Build.0 = Release|Any CPU
		{5A193B41-2A18-4154-B835-3D22117A9D38}.Debug|Any CPU.ActiveCfg = Debug|Any CPU
		{5A193B41-2A18-4154-B835-3D22117A9D38}.Debug|Any CPU.Build.0 = Debug|Any CPU
		{5A193B41-2A18-4154-B835-3D22117A9D38}.Release|Any CPU.ActiveCfg = Release|Any CPU
		{5A193B41-2A18-4154-B835-3D22117A9D38}.Release|Any CPU.Build.0 = Release|Any CPU
	EndGlobalSection
	GlobalSection(SolutionProperties) = preSolution
		HideSolutionNode = FALSE
	EndGlobalSection
	GlobalSection(ExtensibilityGlobals) = postSolution
		SolutionGuid = {1AF83C34-8370-483C-BC2A-9D154B3D4D7A}
	EndGlobalSection
EndGlobal
